// !$*UTF8*$!
{
	archiveVersion = 1;
	classes = {
	};
	objectVersion = 55;
	objects = {

/* Begin PBXBuildFile section */
		335C7827284F0EDF007ED83E /* Principal.swift in Sources */ = {isa = PBXBuildFile; fileRef = 335C7826284F0EDF007ED83E /* Principal.swift */; };
		4B6CD8012851AC0400118D04 /* VisualTestKit.framework in Frameworks */ = {isa = PBXBuildFile; fileRef = 4B6CD7FF2851AB0700118D04 /* VisualTestKit.framework */; };
		4B6CD8032851ACB700118D04 /* VisualTests.swift in Sources */ = {isa = PBXBuildFile; fileRef = 4B6CD8022851ACB700118D04 /* VisualTests.swift */; };
		4B6CD8052851AD9800118D04 /* VisualTestKit.swift in Sources */ = {isa = PBXBuildFile; fileRef = 4B6CD8042851AD9800118D04 /* VisualTestKit.swift */; };
		4B6CD8072851AE0100118D04 /* VisualTests in Resources */ = {isa = PBXBuildFile; fileRef = 4B6CD8062851AE0100118D04 /* VisualTests */; };
		4B6CD8082851B23900118D04 /* VisualTests in Resources */ = {isa = PBXBuildFile; fileRef = 4B6CD8062851AE0100118D04 /* VisualTests */; };
		4B6D59362842F6F500642239 /* ExampleApp.swift in Sources */ = {isa = PBXBuildFile; fileRef = 4B6D59352842F6F500642239 /* ExampleApp.swift */; };
		4B6D59382842F6F500642239 /* ContentView.swift in Sources */ = {isa = PBXBuildFile; fileRef = 4B6D59372842F6F500642239 /* ContentView.swift */; };
		4B6D593A2842F6F600642239 /* Assets.xcassets in Resources */ = {isa = PBXBuildFile; fileRef = 4B6D59392842F6F600642239 /* Assets.xcassets */; };
		4B6D593D2842F6F600642239 /* Preview Assets.xcassets in Resources */ = {isa = PBXBuildFile; fileRef = 4B6D593C2842F6F600642239 /* Preview Assets.xcassets */; };
		4B6D59472842F6F600642239 /* SnapshotTests.swift in Sources */ = {isa = PBXBuildFile; fileRef = 4B6D59462842F6F600642239 /* SnapshotTests.swift */; };
		4B6D59512842F6F600642239 /* UITests.swift in Sources */ = {isa = PBXBuildFile; fileRef = 4B6D59502842F6F600642239 /* UITests.swift */; };
		4B6D5967284305AB00642239 /* SwiftUI_SnapshotTesting in Frameworks */ = {isa = PBXBuildFile; productRef = 4B6D5966284305AB00642239 /* SwiftUI_SnapshotTesting */; };
		4B6D596A2843082F00642239 /* PopularityBadge.swift in Sources */ = {isa = PBXBuildFile; fileRef = 4B6D59692843082F00642239 /* PopularityBadge.swift */; };
		4B6D596C2843311000642239 /* SettingsForm.swift in Sources */ = {isa = PBXBuildFile; fileRef = 4B6D596B2843311000642239 /* SettingsForm.swift */; };
		4B6D597828434EF100642239 /* LayeringShadowsView.swift in Sources */ = {isa = PBXBuildFile; fileRef = 4B6D597728434EF100642239 /* LayeringShadowsView.swift */; };
		4B6D597A2843533600642239 /* RainbowGlowView.swift in Sources */ = {isa = PBXBuildFile; fileRef = 4B6D59792843533600642239 /* RainbowGlowView.swift */; };
		4B78C07528570C8F007B133E /* CoreAnimationArchiveTests.swift in Sources */ = {isa = PBXBuildFile; fileRef = 4B78C07428570C8F007B133E /* CoreAnimationArchiveTests.swift */; };
		4B78C0772857182E007B133E /* Data+Extensions.swift in Sources */ = {isa = PBXBuildFile; fileRef = 4B78C0762857182E007B133E /* Data+Extensions.swift */; };
		4B845830285E6D78001C93D4 /* RenderViewTest.swift in Sources */ = {isa = PBXBuildFile; fileRef = 4B84582F285E6D78001C93D4 /* RenderViewTest.swift */; };
		4BE8B8E3284DD83B00083A24 /* SnapshotTestingPreviewGroup in Frameworks */ = {isa = PBXBuildFile; productRef = 4BE8B8E2284DD83B00083A24 /* SnapshotTestingPreviewGroup */; };
		4BEFB0F128603649000B714C /* HRCoder in Frameworks */ = {isa = PBXBuildFile; productRef = 4BEFB0F028603649000B714C /* HRCoder */; };
		4BEFB0F328604184000B714C /* HRCoderTests.swift in Sources */ = {isa = PBXBuildFile; fileRef = 4BEFB0F228604184000B714C /* HRCoderTests.swift */; };
		4BFAB27528448E5900E65405 /* ToggleView.swift in Sources */ = {isa = PBXBuildFile; fileRef = 4BFAB27428448E5900E65405 /* ToggleView.swift */; };
		4BFAB27728457D4300E65405 /* RenderLayerTest.swift in Sources */ = {isa = PBXBuildFile; fileRef = 4BFAB27628457D4300E65405 /* RenderLayerTest.swift */; };
		4BFAB2792845888E00E65405 /* PerceptualDifferencesTest.swift in Sources */ = {isa = PBXBuildFile; fileRef = 4BFAB2782845888E00E65405 /* PerceptualDifferencesTest.swift */; };
/* End PBXBuildFile section */

/* Begin PBXContainerItemProxy section */
		4B6D59432842F6F600642239 /* PBXContainerItemProxy */ = {
			isa = PBXContainerItemProxy;
			containerPortal = 4B6D592A2842F6F500642239 /* Project object */;
			proxyType = 1;
			remoteGlobalIDString = 4B6D59312842F6F500642239;
			remoteInfo = ViewSnapshots;
		};
		4B6D594D2842F6F600642239 /* PBXContainerItemProxy */ = {
			isa = PBXContainerItemProxy;
			containerPortal = 4B6D592A2842F6F500642239 /* Project object */;
			proxyType = 1;
			remoteGlobalIDString = 4B6D59312842F6F500642239;
			remoteInfo = ViewSnapshots;
		};
/* End PBXContainerItemProxy section */

/* Begin PBXFileReference section */
		335C7826284F0EDF007ED83E /* Principal.swift */ = {isa = PBXFileReference; lastKnownFileType = sourcecode.swift; path = Principal.swift; sourceTree = "<group>"; };
		335C782A284F2365007ED83E /* ci_scripts */ = {isa = PBXFileReference; lastKnownFileType = folder; path = ci_scripts; sourceTree = "<group>"; };
		4B6CD7FF2851AB0700118D04 /* VisualTestKit.framework */ = {isa = PBXFileReference; lastKnownFileType = wrapper.framework; name = VisualTestKit.framework; path = lib/VisualTestKit/VisualTestKit.framework; sourceTree = SOURCE_ROOT; };
		4B6CD8022851ACB700118D04 /* VisualTests.swift */ = {isa = PBXFileReference; indentWidth = 2; lastKnownFileType = sourcecode.swift; path = VisualTests.swift; sourceTree = "<group>"; tabWidth = 2; };
		4B6CD8042851AD9800118D04 /* VisualTestKit.swift */ = {isa = PBXFileReference; fileEncoding = 4; lastKnownFileType = sourcecode.swift; path = VisualTestKit.swift; sourceTree = "<group>"; };
		4B6CD8062851AE0100118D04 /* VisualTests */ = {isa = PBXFileReference; lastKnownFileType = folder; path = VisualTests; sourceTree = "<group>"; };
		4B6CD8312851EFEA00118D04 /* Headers */ = {isa = PBXFileReference; lastKnownFileType = text; name = Headers; path = lib/VisualTestKit/VisualTestKit.framework/Headers; sourceTree = SOURCE_ROOT; };
		4B6D59322842F6F500642239 /* SnapshotsExampleApp.app */ = {isa = PBXFileReference; explicitFileType = wrapper.application; includeInIndex = 0; path = SnapshotsExampleApp.app; sourceTree = BUILT_PRODUCTS_DIR; };
		4B6D59352842F6F500642239 /* ExampleApp.swift */ = {isa = PBXFileReference; lastKnownFileType = sourcecode.swift; path = ExampleApp.swift; sourceTree = "<group>"; };
		4B6D59372842F6F500642239 /* ContentView.swift */ = {isa = PBXFileReference; lastKnownFileType = sourcecode.swift; path = ContentView.swift; sourceTree = "<group>"; };
		4B6D59392842F6F600642239 /* Assets.xcassets */ = {isa = PBXFileReference; lastKnownFileType = folder.assetcatalog; path = Assets.xcassets; sourceTree = "<group>"; };
		4B6D593C2842F6F600642239 /* Preview Assets.xcassets */ = {isa = PBXFileReference; lastKnownFileType = folder.assetcatalog; path = "Preview Assets.xcassets"; sourceTree = "<group>"; };
		4B6D59422842F6F600642239 /* AppTests.xctest */ = {isa = PBXFileReference; explicitFileType = wrapper.cfbundle; includeInIndex = 0; path = AppTests.xctest; sourceTree = BUILT_PRODUCTS_DIR; };
		4B6D59462842F6F600642239 /* SnapshotTests.swift */ = {isa = PBXFileReference; lastKnownFileType = sourcecode.swift; path = SnapshotTests.swift; sourceTree = "<group>"; };
		4B6D594C2842F6F600642239 /* UITests.xctest */ = {isa = PBXFileReference; explicitFileType = wrapper.cfbundle; includeInIndex = 0; path = UITests.xctest; sourceTree = BUILT_PRODUCTS_DIR; };
		4B6D59502842F6F600642239 /* UITests.swift */ = {isa = PBXFileReference; lastKnownFileType = sourcecode.swift; path = UITests.swift; sourceTree = "<group>"; };
		4B6D59612842FEB700642239 /* SwiftUI-snapshot-testing */ = {isa = PBXFileReference; lastKnownFileType = wrapper; path = "SwiftUI-snapshot-testing"; sourceTree = "<group>"; };
		4B6D59622842FF2000642239 /* workflows */ = {isa = PBXFileReference; lastKnownFileType = folder; name = workflows; path = .github/workflows; sourceTree = "<group>"; };
		4B6D5968284305DE00642239 /* Snapshots */ = {isa = PBXFileReference; lastKnownFileType = folder; path = Snapshots; sourceTree = "<group>"; };
		4B6D59692843082F00642239 /* PopularityBadge.swift */ = {isa = PBXFileReference; fileEncoding = 4; lastKnownFileType = sourcecode.swift; path = PopularityBadge.swift; sourceTree = "<group>"; };
		4B6D596B2843311000642239 /* SettingsForm.swift */ = {isa = PBXFileReference; fileEncoding = 4; lastKnownFileType = sourcecode.swift; path = SettingsForm.swift; sourceTree = "<group>"; };
		4B6D597728434EF100642239 /* LayeringShadowsView.swift */ = {isa = PBXFileReference; lastKnownFileType = sourcecode.swift; path = LayeringShadowsView.swift; sourceTree = "<group>"; };
		4B6D59792843533600642239 /* RainbowGlowView.swift */ = {isa = PBXFileReference; lastKnownFileType = sourcecode.swift; path = RainbowGlowView.swift; sourceTree = "<group>"; };
		4B78C07428570C8F007B133E /* CoreAnimationArchiveTests.swift */ = {isa = PBXFileReference; lastKnownFileType = sourcecode.swift; path = CoreAnimationArchiveTests.swift; sourceTree = "<group>"; };
		4B78C0762857182E007B133E /* Data+Extensions.swift */ = {isa = PBXFileReference; lastKnownFileType = sourcecode.swift; path = "Data+Extensions.swift"; sourceTree = "<group>"; };
		4B84582F285E6D78001C93D4 /* RenderViewTest.swift */ = {isa = PBXFileReference; lastKnownFileType = sourcecode.swift; path = RenderViewTest.swift; sourceTree = "<group>"; };
		4BEFB0F228604184000B714C /* HRCoderTests.swift */ = {isa = PBXFileReference; lastKnownFileType = sourcecode.swift; path = HRCoderTests.swift; sourceTree = "<group>"; };
		4BFAB27428448E5900E65405 /* ToggleView.swift */ = {isa = PBXFileReference; lastKnownFileType = sourcecode.swift; path = ToggleView.swift; sourceTree = "<group>"; };
		4BFAB27628457D4300E65405 /* RenderLayerTest.swift */ = {isa = PBXFileReference; lastKnownFileType = sourcecode.swift; path = RenderLayerTest.swift; sourceTree = "<group>"; };
		4BFAB2782845888E00E65405 /* PerceptualDifferencesTest.swift */ = {isa = PBXFileReference; lastKnownFileType = sourcecode.swift; path = PerceptualDifferencesTest.swift; sourceTree = "<group>"; };
/* End PBXFileReference section */

/* Begin PBXFrameworksBuildPhase section */
		4B6D592F2842F6F500642239 /* Frameworks */ = {
			isa = PBXFrameworksBuildPhase;
			buildActionMask = 2147483647;
			files = (
				4BE8B8E3284DD83B00083A24 /* SnapshotTestingPreviewGroup in Frameworks */,
			);
			runOnlyForDeploymentPostprocessing = 0;
		};
		4B6D593F2842F6F600642239 /* Frameworks */ = {
			isa = PBXFrameworksBuildPhase;
			buildActionMask = 2147483647;
			files = (
				4BEFB0F128603649000B714C /* HRCoder in Frameworks */,
				4B6D5967284305AB00642239 /* SwiftUI_SnapshotTesting in Frameworks */,
				4B6CD8012851AC0400118D04 /* VisualTestKit.framework in Frameworks */,
			);
			runOnlyForDeploymentPostprocessing = 0;
		};
		4B6D59492842F6F600642239 /* Frameworks */ = {
			isa = PBXFrameworksBuildPhase;
			buildActionMask = 2147483647;
			files = (
			);
			runOnlyForDeploymentPostprocessing = 0;
		};
/* End PBXFrameworksBuildPhase section */

/* Begin PBXGroup section */
		4B6D59292842F6F500642239 = {
			isa = PBXGroup;
			children = (
				335C782A284F2365007ED83E /* ci_scripts */,
				4B6D59622842FF2000642239 /* workflows */,
				4B6D59602842FEB700642239 /* Packages */,
				4B6D59342842F6F500642239 /* ExampleApp */,
				4B6D59452842F6F600642239 /* AppTests */,
				4B6D594F2842F6F600642239 /* UITests */,
				4B6D59332842F6F500642239 /* Products */,
				4B6D5965284305AB00642239 /* Frameworks */,
			);
			sourceTree = "<group>";
		};
		4B6D59332842F6F500642239 /* Products */ = {
			isa = PBXGroup;
			children = (
				4B6D59322842F6F500642239 /* SnapshotsExampleApp.app */,
				4B6D59422842F6F600642239 /* AppTests.xctest */,
				4B6D594C2842F6F600642239 /* UITests.xctest */,
			);
			name = Products;
			sourceTree = "<group>";
		};
		4B6D59342842F6F500642239 /* ExampleApp */ = {
			isa = PBXGroup;
			children = (
				4B6D59352842F6F500642239 /* ExampleApp.swift */,
				4B6D59372842F6F500642239 /* ContentView.swift */,
				4B6D597728434EF100642239 /* LayeringShadowsView.swift */,
				4B6D59792843533600642239 /* RainbowGlowView.swift */,
				4B6D59692843082F00642239 /* PopularityBadge.swift */,
				4B6D596B2843311000642239 /* SettingsForm.swift */,
				4BFAB27428448E5900E65405 /* ToggleView.swift */,
				4B6D59392842F6F600642239 /* Assets.xcassets */,
				4B6D593B2842F6F600642239 /* Preview Content */,
			);
			path = ExampleApp;
			sourceTree = "<group>";
		};
		4B6D593B2842F6F600642239 /* Preview Content */ = {
			isa = PBXGroup;
			children = (
				4B6D593C2842F6F600642239 /* Preview Assets.xcassets */,
			);
			path = "Preview Content";
			sourceTree = "<group>";
		};
		4B6D59452842F6F600642239 /* AppTests */ = {
			isa = PBXGroup;
			children = (
				4B6D59462842F6F600642239 /* SnapshotTests.swift */,
				4B6D5968284305DE00642239 /* Snapshots */,
				4B6CD8022851ACB700118D04 /* VisualTests.swift */,
				4B6CD8062851AE0100118D04 /* VisualTests */,
				4B6CD8042851AD9800118D04 /* VisualTestKit.swift */,
				4B6CD7FF2851AB0700118D04 /* VisualTestKit.framework */,
				4B6CD8312851EFEA00118D04 /* Headers */,
				4BFAB27628457D4300E65405 /* RenderLayerTest.swift */,
				4B84582F285E6D78001C93D4 /* RenderViewTest.swift */,
				4B78C07428570C8F007B133E /* CoreAnimationArchiveTests.swift */,
				4BEFB0F228604184000B714C /* HRCoderTests.swift */,
				4BFAB2782845888E00E65405 /* PerceptualDifferencesTest.swift */,
				4BEFB0F4286045A2000B714C /* Helpers */,
			);
			path = AppTests;
			sourceTree = "<group>";
		};
		4B6D594F2842F6F600642239 /* UITests */ = {
			isa = PBXGroup;
			children = (
				4B6D59502842F6F600642239 /* UITests.swift */,
			);
			path = UITests;
			sourceTree = "<group>";
		};
		4B6D59602842FEB700642239 /* Packages */ = {
			isa = PBXGroup;
			children = (
				4B6D59612842FEB700642239 /* SwiftUI-snapshot-testing */,
			);
			name = Packages;
			sourceTree = "<group>";
		};
		4B6D5965284305AB00642239 /* Frameworks */ = {
			isa = PBXGroup;
			children = (
			);
			name = Frameworks;
			sourceTree = "<group>";
		};
		4BEFB0F4286045A2000B714C /* Helpers */ = {
			isa = PBXGroup;
			children = (
				4B78C0762857182E007B133E /* Data+Extensions.swift */,
				335C7826284F0EDF007ED83E /* Principal.swift */,
			);
			path = Helpers;
			sourceTree = "<group>";
		};
/* End PBXGroup section */

/* Begin PBXNativeTarget section */
		4B6D59312842F6F500642239 /* ExampleApp */ = {
			isa = PBXNativeTarget;
			buildConfigurationList = 4B6D59562842F6F600642239 /* Build configuration list for PBXNativeTarget "ExampleApp" */;
			buildPhases = (
				4B6D592E2842F6F500642239 /* Sources */,
				4B6D592F2842F6F500642239 /* Frameworks */,
				4B6D59302842F6F500642239 /* Resources */,
			);
			buildRules = (
			);
			dependencies = (
			);
			name = ExampleApp;
			packageProductDependencies = (
				4BE8B8E2284DD83B00083A24 /* SnapshotTestingPreviewGroup */,
			);
			productName = ViewSnapshots;
			productReference = 4B6D59322842F6F500642239 /* SnapshotsExampleApp.app */;
			productType = "com.apple.product-type.application";
		};
		4B6D59412842F6F600642239 /* AppTests */ = {
			isa = PBXNativeTarget;
			buildConfigurationList = 4B6D59592842F6F600642239 /* Build configuration list for PBXNativeTarget "AppTests" */;
			buildPhases = (
				4B6D593E2842F6F600642239 /* Sources */,
				4B6D593F2842F6F600642239 /* Frameworks */,
				4B6D59402842F6F600642239 /* Resources */,
				4B78C0672855C063007B133E /* Copy Resources For Xcode Cloud */,
			);
			buildRules = (
			);
			dependencies = (
				4B6D5964284305A400642239 /* PBXTargetDependency */,
				4B6D59442842F6F600642239 /* PBXTargetDependency */,
			);
			name = AppTests;
			packageProductDependencies = (
				4B6D5966284305AB00642239 /* SwiftUI_SnapshotTesting */,
				4BEFB0F028603649000B714C /* HRCoder */,
			);
			productName = ViewSnapshotsTests;
			productReference = 4B6D59422842F6F600642239 /* AppTests.xctest */;
			productType = "com.apple.product-type.bundle.unit-test";
		};
		4B6D594B2842F6F600642239 /* UITests */ = {
			isa = PBXNativeTarget;
			buildConfigurationList = 4B6D595C2842F6F600642239 /* Build configuration list for PBXNativeTarget "UITests" */;
			buildPhases = (
				4B6D59482842F6F600642239 /* Sources */,
				4B6D59492842F6F600642239 /* Frameworks */,
				4B6D594A2842F6F600642239 /* Resources */,
			);
			buildRules = (
			);
			dependencies = (
				4B6D594E2842F6F600642239 /* PBXTargetDependency */,
			);
			name = UITests;
			productName = ViewSnapshotsUITests;
			productReference = 4B6D594C2842F6F600642239 /* UITests.xctest */;
			productType = "com.apple.product-type.bundle.ui-testing";
		};
/* End PBXNativeTarget section */

/* Begin PBXProject section */
		4B6D592A2842F6F500642239 /* Project object */ = {
			isa = PBXProject;
			attributes = {
				BuildIndependentTargetsInParallel = 1;
				LastSwiftUpdateCheck = 1340;
				LastUpgradeCheck = 1340;
				TargetAttributes = {
					4B6D59312842F6F500642239 = {
						CreatedOnToolsVersion = 13.4;
					};
					4B6D59412842F6F600642239 = {
						CreatedOnToolsVersion = 13.4;
						TestTargetID = 4B6D59312842F6F500642239;
					};
					4B6D594B2842F6F600642239 = {
						CreatedOnToolsVersion = 13.4;
						TestTargetID = 4B6D59312842F6F500642239;
					};
				};
			};
			buildConfigurationList = 4B6D592D2842F6F500642239 /* Build configuration list for PBXProject "ViewSnapshots" */;
			compatibilityVersion = "Xcode 13.0";
			developmentRegion = en;
			hasScannedForEncodings = 0;
			knownRegions = (
				en,
				Base,
			);
			mainGroup = 4B6D59292842F6F500642239;
			packageReferences = (
				4BEFB0EF28603649000B714C /* XCRemoteSwiftPackageReference "HRCoder" */,
			);
			productRefGroup = 4B6D59332842F6F500642239 /* Products */;
			projectDirPath = "";
			projectRoot = "";
			targets = (
				4B6D59312842F6F500642239 /* ExampleApp */,
				4B6D59412842F6F600642239 /* AppTests */,
				4B6D594B2842F6F600642239 /* UITests */,
			);
		};
/* End PBXProject section */

/* Begin PBXResourcesBuildPhase section */
		4B6D59302842F6F500642239 /* Resources */ = {
			isa = PBXResourcesBuildPhase;
			buildActionMask = 2147483647;
			files = (
				4B6D593D2842F6F600642239 /* Preview Assets.xcassets in Resources */,
				4B6CD8082851B23900118D04 /* VisualTests in Resources */,
				4B6D593A2842F6F600642239 /* Assets.xcassets in Resources */,
			);
			runOnlyForDeploymentPostprocessing = 0;
		};
		4B6D59402842F6F600642239 /* Resources */ = {
			isa = PBXResourcesBuildPhase;
			buildActionMask = 2147483647;
			files = (
				4B6CD8072851AE0100118D04 /* VisualTests in Resources */,
			);
			runOnlyForDeploymentPostprocessing = 0;
		};
		4B6D594A2842F6F600642239 /* Resources */ = {
			isa = PBXResourcesBuildPhase;
			buildActionMask = 2147483647;
			files = (
			);
			runOnlyForDeploymentPostprocessing = 0;
		};
/* End PBXResourcesBuildPhase section */

/* Begin PBXShellScriptBuildPhase section */
		4B78C0672855C063007B133E /* Copy Resources For Xcode Cloud */ = {
			isa = PBXShellScriptBuildPhase;
			buildActionMask = 2147483647;
			files = (
			);
			inputFileListPaths = (
			);
			inputPaths = (
				"$(SRCROOT)/AppTests/Snapshots",
			);
			name = "Copy Resources For Xcode Cloud";
			outputFileListPaths = (
			);
			outputPaths = (
				"$(CODESIGNING_FOLDER_PATH)/Snapshots",
			);
			runOnlyForDeploymentPostprocessing = 0;
			shellPath = /bin/zsh;
			shellScript = "if [[ -v CI_TEAM_ID ]]\nthen\n    echo Xcode Cloud Detected\n    echo Copying Recursively \"$SCRIPT_INPUT_FILE_0\" to \"$SCRIPT_OUTPUT_FILE_0\"\n    cp -r \"$SCRIPT_INPUT_FILE_0\" \"$SCRIPT_OUTPUT_FILE_0\"\nfi\n";
		};
/* End PBXShellScriptBuildPhase section */

/* Begin PBXSourcesBuildPhase section */
		4B6D592E2842F6F500642239 /* Sources */ = {
			isa = PBXSourcesBuildPhase;
			buildActionMask = 2147483647;
			files = (
				4B6D597828434EF100642239 /* LayeringShadowsView.swift in Sources */,
				4B6D596A2843082F00642239 /* PopularityBadge.swift in Sources */,
				4B6D59382842F6F500642239 /* ContentView.swift in Sources */,
				4B6D596C2843311000642239 /* SettingsForm.swift in Sources */,
				4B6D597A2843533600642239 /* RainbowGlowView.swift in Sources */,
				4B6D59362842F6F500642239 /* ExampleApp.swift in Sources */,
				4BFAB27528448E5900E65405 /* ToggleView.swift in Sources */,
			);
			runOnlyForDeploymentPostprocessing = 0;
		};
		4B6D593E2842F6F600642239 /* Sources */ = {
			isa = PBXSourcesBuildPhase;
			buildActionMask = 2147483647;
			files = (
				335C7827284F0EDF007ED83E /* Principal.swift in Sources */,
				4BFAB2792845888E00E65405 /* PerceptualDifferencesTest.swift in Sources */,
				4B78C07528570C8F007B133E /* CoreAnimationArchiveTests.swift in Sources */,
				4BEFB0F328604184000B714C /* HRCoderTests.swift in Sources */,
				4B6D59472842F6F600642239 /* SnapshotTests.swift in Sources */,
				4BFAB27728457D4300E65405 /* RenderLayerTest.swift in Sources */,
				4B78C0772857182E007B133E /* Data+Extensions.swift in Sources */,
				4B845830285E6D78001C93D4 /* RenderViewTest.swift in Sources */,
				4B6CD8052851AD9800118D04 /* VisualTestKit.swift in Sources */,
				4B6CD8032851ACB700118D04 /* VisualTests.swift in Sources */,
			);
			runOnlyForDeploymentPostprocessing = 0;
		};
		4B6D59482842F6F600642239 /* Sources */ = {
			isa = PBXSourcesBuildPhase;
			buildActionMask = 2147483647;
			files = (
				4B6D59512842F6F600642239 /* UITests.swift in Sources */,
			);
			runOnlyForDeploymentPostprocessing = 0;
		};
/* End PBXSourcesBuildPhase section */

/* Begin PBXTargetDependency section */
		4B6D59442842F6F600642239 /* PBXTargetDependency */ = {
			isa = PBXTargetDependency;
			target = 4B6D59312842F6F500642239 /* ExampleApp */;
			targetProxy = 4B6D59432842F6F600642239 /* PBXContainerItemProxy */;
		};
		4B6D594E2842F6F600642239 /* PBXTargetDependency */ = {
			isa = PBXTargetDependency;
			target = 4B6D59312842F6F500642239 /* ExampleApp */;
			targetProxy = 4B6D594D2842F6F600642239 /* PBXContainerItemProxy */;
		};
		4B6D5964284305A400642239 /* PBXTargetDependency */ = {
			isa = PBXTargetDependency;
			productRef = 4B6D5963284305A400642239 /* SwiftUI_SnapshotTesting */;
		};
/* End PBXTargetDependency section */

/* Begin XCBuildConfiguration section */
		4B6D59542842F6F600642239 /* Debug */ = {
			isa = XCBuildConfiguration;
			buildSettings = {
				ALWAYS_SEARCH_USER_PATHS = NO;
				CLANG_ANALYZER_NONNULL = YES;
				CLANG_ANALYZER_NUMBER_OBJECT_CONVERSION = YES_AGGRESSIVE;
				CLANG_ENABLE_MODULES = YES;
				CLANG_ENABLE_OBJC_ARC = YES;
				CLANG_ENABLE_OBJC_WEAK = YES;
				CLANG_WARN_BLOCK_CAPTURE_AUTORELEASING = YES;
				CLANG_WARN_BOOL_CONVERSION = YES;
				CLANG_WARN_COMMA = YES;
				CLANG_WARN_CONSTANT_CONVERSION = YES;
				CLANG_WARN_DEPRECATED_OBJC_IMPLEMENTATIONS = YES;
				CLANG_WARN_DIRECT_OBJC_ISA_USAGE = YES_ERROR;
				CLANG_WARN_DOCUMENTATION_COMMENTS = YES;
				CLANG_WARN_EMPTY_BODY = YES;
				CLANG_WARN_ENUM_CONVERSION = YES;
				CLANG_WARN_INFINITE_RECURSION = YES;
				CLANG_WARN_INT_CONVERSION = YES;
				CLANG_WARN_NON_LITERAL_NULL_CONVERSION = YES;
				CLANG_WARN_OBJC_IMPLICIT_RETAIN_SELF = YES;
				CLANG_WARN_OBJC_LITERAL_CONVERSION = YES;
				CLANG_WARN_OBJC_ROOT_CLASS = YES_ERROR;
				CLANG_WARN_QUOTED_INCLUDE_IN_FRAMEWORK_HEADER = YES;
				CLANG_WARN_RANGE_LOOP_ANALYSIS = YES;
				CLANG_WARN_STRICT_PROTOTYPES = YES;
				CLANG_WARN_SUSPICIOUS_MOVE = YES;
				CLANG_WARN_UNGUARDED_AVAILABILITY = YES_AGGRESSIVE;
				CLANG_WARN_UNREACHABLE_CODE = YES;
				CLANG_WARN__DUPLICATE_METHOD_MATCH = YES;
				COPY_PHASE_STRIP = NO;
				CURRENT_PROJECT_VERSION = 1;
				DEBUG_INFORMATION_FORMAT = dwarf;
				ENABLE_STRICT_OBJC_MSGSEND = YES;
				ENABLE_TESTABILITY = YES;
				GCC_DYNAMIC_NO_PIC = NO;
				GCC_NO_COMMON_BLOCKS = YES;
				GCC_OPTIMIZATION_LEVEL = 0;
				GCC_PREPROCESSOR_DEFINITIONS = (
					"DEBUG=1",
					"$(inherited)",
				);
				GCC_WARN_64_TO_32_BIT_CONVERSION = YES;
				GCC_WARN_ABOUT_RETURN_TYPE = YES_ERROR;
				GCC_WARN_UNDECLARED_SELECTOR = YES;
				GCC_WARN_UNINITIALIZED_AUTOS = YES_AGGRESSIVE;
				GCC_WARN_UNUSED_FUNCTION = YES;
				GCC_WARN_UNUSED_VARIABLE = YES;
				IPHONEOS_DEPLOYMENT_TARGET = 14.0;
				MARKETING_VERSION = 1.0;
				MTL_ENABLE_DEBUG_INFO = INCLUDE_SOURCE;
				MTL_FAST_MATH = YES;
				ONLY_ACTIVE_ARCH = YES;
				SDKROOT = iphoneos;
				SWIFT_ACTIVE_COMPILATION_CONDITIONS = DEBUG;
				SWIFT_OPTIMIZATION_LEVEL = "-Onone";
				SWIFT_VERSION = 5.0;
			};
			name = Debug;
		};
		4B6D59552842F6F600642239 /* Release */ = {
			isa = XCBuildConfiguration;
			buildSettings = {
				ALWAYS_SEARCH_USER_PATHS = NO;
				CLANG_ANALYZER_NONNULL = YES;
				CLANG_ANALYZER_NUMBER_OBJECT_CONVERSION = YES_AGGRESSIVE;
				CLANG_ENABLE_MODULES = YES;
				CLANG_ENABLE_OBJC_ARC = YES;
				CLANG_ENABLE_OBJC_WEAK = YES;
				CLANG_WARN_BLOCK_CAPTURE_AUTORELEASING = YES;
				CLANG_WARN_BOOL_CONVERSION = YES;
				CLANG_WARN_COMMA = YES;
				CLANG_WARN_CONSTANT_CONVERSION = YES;
				CLANG_WARN_DEPRECATED_OBJC_IMPLEMENTATIONS = YES;
				CLANG_WARN_DIRECT_OBJC_ISA_USAGE = YES_ERROR;
				CLANG_WARN_DOCUMENTATION_COMMENTS = YES;
				CLANG_WARN_EMPTY_BODY = YES;
				CLANG_WARN_ENUM_CONVERSION = YES;
				CLANG_WARN_INFINITE_RECURSION = YES;
				CLANG_WARN_INT_CONVERSION = YES;
				CLANG_WARN_NON_LITERAL_NULL_CONVERSION = YES;
				CLANG_WARN_OBJC_IMPLICIT_RETAIN_SELF = YES;
				CLANG_WARN_OBJC_LITERAL_CONVERSION = YES;
				CLANG_WARN_OBJC_ROOT_CLASS = YES_ERROR;
				CLANG_WARN_QUOTED_INCLUDE_IN_FRAMEWORK_HEADER = YES;
				CLANG_WARN_RANGE_LOOP_ANALYSIS = YES;
				CLANG_WARN_STRICT_PROTOTYPES = YES;
				CLANG_WARN_SUSPICIOUS_MOVE = YES;
				CLANG_WARN_UNGUARDED_AVAILABILITY = YES_AGGRESSIVE;
				CLANG_WARN_UNREACHABLE_CODE = YES;
				CLANG_WARN__DUPLICATE_METHOD_MATCH = YES;
				COPY_PHASE_STRIP = NO;
				CURRENT_PROJECT_VERSION = 1;
				DEBUG_INFORMATION_FORMAT = "dwarf-with-dsym";
				ENABLE_NS_ASSERTIONS = NO;
				ENABLE_STRICT_OBJC_MSGSEND = YES;
				GCC_NO_COMMON_BLOCKS = YES;
				GCC_WARN_64_TO_32_BIT_CONVERSION = YES;
				GCC_WARN_ABOUT_RETURN_TYPE = YES_ERROR;
				GCC_WARN_UNDECLARED_SELECTOR = YES;
				GCC_WARN_UNINITIALIZED_AUTOS = YES_AGGRESSIVE;
				GCC_WARN_UNUSED_FUNCTION = YES;
				GCC_WARN_UNUSED_VARIABLE = YES;
				IPHONEOS_DEPLOYMENT_TARGET = 14.0;
				MARKETING_VERSION = 1.0;
				MTL_ENABLE_DEBUG_INFO = NO;
				MTL_FAST_MATH = YES;
				SDKROOT = iphoneos;
				SWIFT_COMPILATION_MODE = wholemodule;
				SWIFT_OPTIMIZATION_LEVEL = "-O";
				SWIFT_VERSION = 5.0;
				VALIDATE_PRODUCT = YES;
			};
			name = Release;
		};
		4B6D59572842F6F600642239 /* Debug */ = {
			isa = XCBuildConfiguration;
			buildSettings = {
				ASSETCATALOG_COMPILER_APPICON_NAME = AppIcon;
				ASSETCATALOG_COMPILER_GLOBAL_ACCENT_COLOR_NAME = AccentColor;
				DEVELOPMENT_ASSET_PATHS = "\"ExampleApp/Preview Content\"";
				ENABLE_PREVIEWS = YES;
				GENERATE_INFOPLIST_FILE = YES;
				INFOPLIST_KEY_UIApplicationSceneManifest_Generation = YES;
				INFOPLIST_KEY_UIApplicationSupportsIndirectInputEvents = YES;
				INFOPLIST_KEY_UILaunchScreen_Generation = YES;
				INFOPLIST_KEY_UISupportedInterfaceOrientations_iPad = "UIInterfaceOrientationPortrait UIInterfaceOrientationPortraitUpsideDown UIInterfaceOrientationLandscapeLeft UIInterfaceOrientationLandscapeRight";
				INFOPLIST_KEY_UISupportedInterfaceOrientations_iPhone = "UIInterfaceOrientationPortrait UIInterfaceOrientationLandscapeLeft UIInterfaceOrientationLandscapeRight";
				LD_RUNPATH_SEARCH_PATHS = (
					"$(inherited)",
					"@executable_path/Frameworks",
				);
				PRODUCT_BUNDLE_IDENTIFIER = "com.github.paulz.swiftui-snapshot-test.ViewSnapshots";
				PRODUCT_MODULE_NAME = ExampleApp;
				PRODUCT_NAME = "Snapshots$(TARGET_NAME)";
				SWIFT_EMIT_LOC_STRINGS = YES;
			};
			name = Debug;
		};
		4B6D59582842F6F600642239 /* Release */ = {
			isa = XCBuildConfiguration;
			buildSettings = {
				ASSETCATALOG_COMPILER_APPICON_NAME = AppIcon;
				ASSETCATALOG_COMPILER_GLOBAL_ACCENT_COLOR_NAME = AccentColor;
				DEVELOPMENT_ASSET_PATHS = "\"ExampleApp/Preview Content\"";
				ENABLE_PREVIEWS = YES;
				GENERATE_INFOPLIST_FILE = YES;
				INFOPLIST_KEY_UIApplicationSceneManifest_Generation = YES;
				INFOPLIST_KEY_UIApplicationSupportsIndirectInputEvents = YES;
				INFOPLIST_KEY_UILaunchScreen_Generation = YES;
				INFOPLIST_KEY_UISupportedInterfaceOrientations_iPad = "UIInterfaceOrientationPortrait UIInterfaceOrientationPortraitUpsideDown UIInterfaceOrientationLandscapeLeft UIInterfaceOrientationLandscapeRight";
				INFOPLIST_KEY_UISupportedInterfaceOrientations_iPhone = "UIInterfaceOrientationPortrait UIInterfaceOrientationLandscapeLeft UIInterfaceOrientationLandscapeRight";
				LD_RUNPATH_SEARCH_PATHS = (
					"$(inherited)",
					"@executable_path/Frameworks",
				);
				PRODUCT_BUNDLE_IDENTIFIER = "com.github.paulz.swiftui-snapshot-test.ViewSnapshots";
				PRODUCT_MODULE_NAME = ExampleApp;
				PRODUCT_NAME = "Snapshots$(TARGET_NAME)";
				SWIFT_EMIT_LOC_STRINGS = YES;
			};
			name = Release;
		};
		4B6D595A2842F6F600642239 /* Debug */ = {
			isa = XCBuildConfiguration;
			buildSettings = {
				ALWAYS_EMBED_SWIFT_STANDARD_LIBRARIES = YES;
				BUNDLE_LOADER = "$(TEST_HOST)";
				FRAMEWORK_SEARCH_PATHS = (
					"$(inherited)",
					"$(PROJECT_DIR)/lib/VisualTestKit",
				);
				GENERATE_INFOPLIST_FILE = YES;
				INFOPLIST_KEY_NSPrincipalClass = "$(PRODUCT_MODULE_NAME).Principal";
				PRODUCT_BUNDLE_IDENTIFIER = "com.github.paulz.swiftui-snapshot-test.ViewSnapshots.AppTests";
				PRODUCT_NAME = "$(TARGET_NAME)";
				SUPPORTS_MACCATALYST = NO;
				TEST_HOST = "$(BUILT_PRODUCTS_DIR)/SnapshotsExampleApp.app/SnapshotsExampleApp";
			};
			name = Debug;
		};
		4B6D595B2842F6F600642239 /* Release */ = {
			isa = XCBuildConfiguration;
			buildSettings = {
				ALWAYS_EMBED_SWIFT_STANDARD_LIBRARIES = YES;
				BUNDLE_LOADER = "$(TEST_HOST)";
				FRAMEWORK_SEARCH_PATHS = (
					"$(inherited)",
					"$(PROJECT_DIR)/lib/VisualTestKit",
				);
				GENERATE_INFOPLIST_FILE = YES;
				INFOPLIST_KEY_NSPrincipalClass = "$(PRODUCT_MODULE_NAME).Principal";
				PRODUCT_BUNDLE_IDENTIFIER = "com.github.paulz.swiftui-snapshot-test.ViewSnapshots.AppTests";
				PRODUCT_NAME = "$(TARGET_NAME)";
				SUPPORTS_MACCATALYST = NO;
				TEST_HOST = "$(BUILT_PRODUCTS_DIR)/SnapshotsExampleApp.app/SnapshotsExampleApp";
			};
			name = Release;
		};
		4B6D595D2842F6F600642239 /* Debug */ = {
			isa = XCBuildConfiguration;
			buildSettings = {
				ALWAYS_EMBED_SWIFT_STANDARD_LIBRARIES = YES;
				GENERATE_INFOPLIST_FILE = YES;
				PRODUCT_BUNDLE_IDENTIFIER = "com.github.paulz.swiftui-snapshot-test.ExampleApp.UITests";
				PRODUCT_NAME = "$(TARGET_NAME)";
				SUPPORTS_MACCATALYST = NO;
				TEST_TARGET_NAME = ExampleApp;
			};
			name = Debug;
		};
		4B6D595E2842F6F600642239 /* Release */ = {
			isa = XCBuildConfiguration;
			buildSettings = {
				ALWAYS_EMBED_SWIFT_STANDARD_LIBRARIES = YES;
				GENERATE_INFOPLIST_FILE = YES;
				PRODUCT_BUNDLE_IDENTIFIER = "com.github.paulz.swiftui-snapshot-test.ExampleApp.UITests";
				PRODUCT_NAME = "$(TARGET_NAME)";
				SUPPORTS_MACCATALYST = NO;
				TEST_TARGET_NAME = ExampleApp;
			};
			name = Release;
		};
/* End XCBuildConfiguration section */

/* Begin XCConfigurationList section */
		4B6D592D2842F6F500642239 /* Build configuration list for PBXProject "ViewSnapshots" */ = {
			isa = XCConfigurationList;
			buildConfigurations = (
				4B6D59542842F6F600642239 /* Debug */,
				4B6D59552842F6F600642239 /* Release */,
			);
			defaultConfigurationIsVisible = 0;
			defaultConfigurationName = Release;
		};
		4B6D59562842F6F600642239 /* Build configuration list for PBXNativeTarget "ExampleApp" */ = {
			isa = XCConfigurationList;
			buildConfigurations = (
				4B6D59572842F6F600642239 /* Debug */,
				4B6D59582842F6F600642239 /* Release */,
			);
			defaultConfigurationIsVisible = 0;
			defaultConfigurationName = Release;
		};
		4B6D59592842F6F600642239 /* Build configuration list for PBXNativeTarget "AppTests" */ = {
			isa = XCConfigurationList;
			buildConfigurations = (
				4B6D595A2842F6F600642239 /* Debug */,
				4B6D595B2842F6F600642239 /* Release */,
			);
			defaultConfigurationIsVisible = 0;
			defaultConfigurationName = Release;
		};
		4B6D595C2842F6F600642239 /* Build configuration list for PBXNativeTarget "UITests" */ = {
			isa = XCConfigurationList;
			buildConfigurations = (
				4B6D595D2842F6F600642239 /* Debug */,
				4B6D595E2842F6F600642239 /* Release */,
			);
			defaultConfigurationIsVisible = 0;
			defaultConfigurationName = Release;
		};
/* End XCConfigurationList section */

/* Begin XCRemoteSwiftPackageReference section */
		4BEFB0EF28603649000B714C /* XCRemoteSwiftPackageReference "HRCoder" */ = {
			isa = XCRemoteSwiftPackageReference;
			repositoryURL = "https://github.com/paulz/HRCoder";
			requirement = {
				kind = upToNextMajorVersion;
				minimumVersion = 2.0.0;
			};
		};
/* End XCRemoteSwiftPackageReference section */

/* Begin XCSwiftPackageProductDependency section */
		4B6D5963284305A400642239 /* SwiftUI_SnapshotTesting */ = {
			isa = XCSwiftPackageProductDependency;
			productName = SwiftUI_SnapshotTesting;
		};
		4B6D5966284305AB00642239 /* SwiftUI_SnapshotTesting */ = {
			isa = XCSwiftPackageProductDependency;
			productName = SwiftUI_SnapshotTesting;
		};
		4BE8B8E2284DD83B00083A24 /* SnapshotTestingPreviewGroup */ = {
			isa = XCSwiftPackageProductDependency;
			productName = SnapshotTestingPreviewGroup;
		};
		4BEFB0F028603649000B714C /* HRCoder */ = {
			isa = XCSwiftPackageProductDependency;
			package = 4BEFB0EF28603649000B714C /* XCRemoteSwiftPackageReference "HRCoder" */;
			productName = HRCoder;
		};
/* End XCSwiftPackageProductDependency section */
	};
	rootObject = 4B6D592A2842F6F500642239 /* Project object */;
}
